// !$*UTF8*$!
{
	archiveVersion = 1;
	classes = {
	};
	objectVersion = 50;
	objects = {

/* Begin PBXBuildFile section */
		C5B2F55F24379CA9007F9CFF /* ContactListTableViewController.swift in Sources */ = {isa = PBXBuildFile; fileRef = C5B2F55E24379CA9007F9CFF /* ContactListTableViewController.swift */; };
		C5F4EB4824378A7500DE4A68 /* AppDelegate.swift in Sources */ = {isa = PBXBuildFile; fileRef = C5F4EB4724378A7500DE4A68 /* AppDelegate.swift */; };
		C5F4EB4A24378A7500DE4A68 /* SceneDelegate.swift in Sources */ = {isa = PBXBuildFile; fileRef = C5F4EB4924378A7500DE4A68 /* SceneDelegate.swift */; };
		C5F4EB4F24378A7500DE4A68 /* Main.storyboard in Resources */ = {isa = PBXBuildFile; fileRef = C5F4EB4D24378A7500DE4A68 /* Main.storyboard */; };
		C5F4EB5124378A7800DE4A68 /* Assets.xcassets in Resources */ = {isa = PBXBuildFile; fileRef = C5F4EB5024378A7800DE4A68 /* Assets.xcassets */; };
		C5F4EB5E24378A8900DE4A68 /* CloudKit.framework in Frameworks */ = {isa = PBXBuildFile; fileRef = C5F4EB5D24378A8900DE4A68 /* CloudKit.framework */; };
		C5F4EB6324378BFF00DE4A68 /* Contact.swift in Sources */ = {isa = PBXBuildFile; fileRef = C5F4EB6224378BFF00DE4A68 /* Contact.swift */; };
		C5F4EB6724378F4700DE4A68 /* ContactController.swift in Sources */ = {isa = PBXBuildFile; fileRef = C5F4EB6624378F4700DE4A68 /* ContactController.swift */; };
		C5F4EB692437917D00DE4A68 /* ContactError.swift in Sources */ = {isa = PBXBuildFile; fileRef = C5F4EB682437917D00DE4A68 /* ContactError.swift */; };
/* End PBXBuildFile section */

/* Begin PBXFileReference section */
		C5B2F55E24379CA9007F9CFF /* ContactListTableViewController.swift */ = {isa = PBXFileReference; lastKnownFileType = sourcecode.swift; path = ContactListTableViewController.swift; sourceTree = "<group>"; };
		C5F4EB4424378A7500DE4A68 /* contacts-cloudkit.app */ = {isa = PBXFileReference; explicitFileType = wrapper.application; includeInIndex = 0; path = "contacts-cloudkit.app"; sourceTree = BUILT_PRODUCTS_DIR; };
		C5F4EB4724378A7500DE4A68 /* AppDelegate.swift */ = {isa = PBXFileReference; lastKnownFileType = sourcecode.swift; name = AppDelegate.swift; path = "../New Group/AppDelegate.swift"; sourceTree = "<group>"; };
		C5F4EB4924378A7500DE4A68 /* SceneDelegate.swift */ = {isa = PBXFileReference; lastKnownFileType = sourcecode.swift; name = SceneDelegate.swift; path = "../New Group/SceneDelegate.swift"; sourceTree = "<group>"; };
		C5F4EB4E24378A7500DE4A68 /* Base */ = {isa = PBXFileReference; lastKnownFileType = file.storyboard; name = Base; path = Base.lproj/Main.storyboard; sourceTree = "<group>"; };
		C5F4EB5024378A7800DE4A68 /* Assets.xcassets */ = {isa = PBXFileReference; lastKnownFileType = folder.assetcatalog; path = Assets.xcassets; sourceTree = "<group>"; };
		C5F4EB5524378A7800DE4A68 /* Info.plist */ = {isa = PBXFileReference; lastKnownFileType = text.plist.xml; name = Info.plist; path = "../New Group/Info.plist"; sourceTree = "<group>"; };
		C5F4EB5B24378A8600DE4A68 /* contacts-cloudkit.entitlements */ = {isa = PBXFileReference; lastKnownFileType = text.plist.entitlements; path = "contacts-cloudkit.entitlements"; sourceTree = "<group>"; };
		C5F4EB5D24378A8900DE4A68 /* CloudKit.framework */ = {isa = PBXFileReference; lastKnownFileType = wrapper.framework; name = CloudKit.framework; path = System/Library/Frameworks/CloudKit.framework; sourceTree = SDKROOT; };
		C5F4EB6224378BFF00DE4A68 /* Contact.swift */ = {isa = PBXFileReference; lastKnownFileType = sourcecode.swift; path = Contact.swift; sourceTree = "<group>"; };
		C5F4EB6624378F4700DE4A68 /* ContactController.swift */ = {isa = PBXFileReference; lastKnownFileType = sourcecode.swift; path = ContactController.swift; sourceTree = "<group>"; };
		C5F4EB682437917D00DE4A68 /* ContactError.swift */ = {isa = PBXFileReference; lastKnownFileType = sourcecode.swift; path = ContactError.swift; sourceTree = "<group>"; };
/* End PBXFileReference section */

/* Begin PBXFrameworksBuildPhase section */
		C5F4EB4124378A7500DE4A68 /* Frameworks */ = {
			isa = PBXFrameworksBuildPhase;
			buildActionMask = 2147483647;
			files = (
				C5F4EB5E24378A8900DE4A68 /* CloudKit.framework in Frameworks */,
			);
			runOnlyForDeploymentPostprocessing = 0;
		};
/* End PBXFrameworksBuildPhase section */

/* Begin PBXGroup section */
		C5B2F55C24379A7E007F9CFF /* R */ = {
			isa = PBXGroup;
			children = (
				C5F4EB4724378A7500DE4A68 /* AppDelegate.swift */,
				C5F4EB4924378A7500DE4A68 /* SceneDelegate.swift */,
				C5F4EB5024378A7800DE4A68 /* Assets.xcassets */,
				C5F4EB5524378A7800DE4A68 /* Info.plist */,
			);
			path = R;
			sourceTree = "<group>";
		};
		C5B2F55D24379C8D007F9CFF /* Model Controller */ = {
			isa = PBXGroup;
			children = (
				C5F4EB6624378F4700DE4A68 /* ContactController.swift */,
			);
			path = "Model Controller";
			sourceTree = "<group>";
		};
		C5B2F56024379CAE007F9CFF /* View Controller */ = {
			isa = PBXGroup;
			children = (
				C5B2F55E24379CA9007F9CFF /* ContactListTableViewController.swift */,
			);
			path = "View Controller";
			sourceTree = "<group>";
		};
		C5B2F56124379CB8007F9CFF /* Controllers */ = {
			isa = PBXGroup;
			children = (
				C5B2F56024379CAE007F9CFF /* View Controller */,
				C5B2F55D24379C8D007F9CFF /* Model Controller */,
			);
			path = Controllers;
			sourceTree = "<group>";
		};
		C5B2F56224379CC9007F9CFF /* Views */ = {
			isa = PBXGroup;
			children = (
				C5F4EB4D24378A7500DE4A68 /* Main.storyboard */,
			);
			path = Views;
			sourceTree = "<group>";
		};
		C5B2F56324379CE6007F9CFF /* Helpers */ = {
			isa = PBXGroup;
			children = (
				C5F4EB682437917D00DE4A68 /* ContactError.swift */,
			);
			path = Helpers;
			sourceTree = "<group>";
		};
		C5F4EB3B24378A7500DE4A68 = {
			isa = PBXGroup;
			children = (
				C5F4EB4624378A7500DE4A68 /* contacts-cloudkit */,
				C5F4EB4524378A7500DE4A68 /* Products */,
				C5F4EB5C24378A8900DE4A68 /* Frameworks */,
			);
			sourceTree = "<group>";
		};
		C5F4EB4524378A7500DE4A68 /* Products */ = {
			isa = PBXGroup;
			children = (
				C5F4EB4424378A7500DE4A68 /* contacts-cloudkit.app */,
			);
			name = Products;
			sourceTree = "<group>";
		};
		C5F4EB4624378A7500DE4A68 /* contacts-cloudkit */ = {
			isa = PBXGroup;
			children = (
				C5F4EB5B24378A8600DE4A68 /* contacts-cloudkit.entitlements */,
				C5B2F56224379CC9007F9CFF /* Views */,
				C5F4EB6424378F2C00DE4A68 /* Model */,
				C5B2F56124379CB8007F9CFF /* Controllers */,
				C5B2F56324379CE6007F9CFF /* Helpers */,
				C5B2F55C24379A7E007F9CFF /* R */,
			);
			path = "contacts-cloudkit";
			sourceTree = "<group>";
		};
		C5F4EB5C24378A8900DE4A68 /* Frameworks */ = {
			isa = PBXGroup;
			children = (
				C5F4EB5D24378A8900DE4A68 /* CloudKit.framework */,
			);
			name = Frameworks;
			sourceTree = "<group>";
		};
		C5F4EB6424378F2C00DE4A68 /* Model */ = {
			isa = PBXGroup;
			children = (
				C5F4EB6224378BFF00DE4A68 /* Contact.swift */,
			);
			path = Model;
			sourceTree = "<group>";
		};
/* End PBXGroup section */

/* Begin PBXNativeTarget section */
		C5F4EB4324378A7500DE4A68 /* contacts-cloudkit */ = {
			isa = PBXNativeTarget;
			buildConfigurationList = C5F4EB5824378A7800DE4A68 /* Build configuration list for PBXNativeTarget "contacts-cloudkit" */;
			buildPhases = (
				C5F4EB4024378A7500DE4A68 /* Sources */,
				C5F4EB4124378A7500DE4A68 /* Frameworks */,
				C5F4EB4224378A7500DE4A68 /* Resources */,
			);
			buildRules = (
			);
			dependencies = (
			);
			name = "contacts-cloudkit";
			productName = "contacts-cloudkit";
			productReference = C5F4EB4424378A7500DE4A68 /* contacts-cloudkit.app */;
			productType = "com.apple.product-type.application";
		};
/* End PBXNativeTarget section */

/* Begin PBXProject section */
		C5F4EB3C24378A7500DE4A68 /* Project object */ = {
			isa = PBXProject;
			attributes = {
				LastSwiftUpdateCheck = 1140;
				LastUpgradeCheck = 1140;
				ORGANIZATIONNAME = "Jordan Furr";
				TargetAttributes = {
					C5F4EB4324378A7500DE4A68 = {
						CreatedOnToolsVersion = 11.4;
					};
				};
			};
			buildConfigurationList = C5F4EB3F24378A7500DE4A68 /* Build configuration list for PBXProject "contacts-cloudkit" */;
			compatibilityVersion = "Xcode 9.3";
			developmentRegion = en;
			hasScannedForEncodings = 0;
			knownRegions = (
				en,
				Base,
			);
			mainGroup = C5F4EB3B24378A7500DE4A68;
			productRefGroup = C5F4EB4524378A7500DE4A68 /* Products */;
			projectDirPath = "";
			projectRoot = "";
			targets = (
				C5F4EB4324378A7500DE4A68 /* contacts-cloudkit */,
			);
		};
/* End PBXProject section */

/* Begin PBXResourcesBuildPhase section */
		C5F4EB4224378A7500DE4A68 /* Resources */ = {
			isa = PBXResourcesBuildPhase;
			buildActionMask = 2147483647;
			files = (
				C5F4EB5124378A7800DE4A68 /* Assets.xcassets in Resources */,
				C5F4EB4F24378A7500DE4A68 /* Main.storyboard in Resources */,
			);
			runOnlyForDeploymentPostprocessing = 0;
		};
/* End PBXResourcesBuildPhase section */

/* Begin PBXSourcesBuildPhase section */
		C5F4EB4024378A7500DE4A68 /* Sources */ = {
			isa = PBXSourcesBuildPhase;
			buildActionMask = 2147483647;
			files = (
				C5B2F55F24379CA9007F9CFF /* ContactListTableViewController.swift in Sources */,
				C5F4EB6324378BFF00DE4A68 /* Contact.swift in Sources */,
				C5F4EB4824378A7500DE4A68 /* AppDelegate.swift in Sources */,
				C5F4EB6724378F4700DE4A68 /* ContactController.swift in Sources */,
				C5F4EB692437917D00DE4A68 /* ContactError.swift in Sources */,
				C5F4EB4A24378A7500DE4A68 /* SceneDelegate.swift in Sources */,
			);
			runOnlyForDeploymentPostprocessing = 0;
		};
/* End PBXSourcesBuildPhase section */

/* Begin PBXVariantGroup section */
		C5F4EB4D24378A7500DE4A68 /* Main.storyboard */ = {
			isa = PBXVariantGroup;
			children = (
				C5F4EB4E24378A7500DE4A68 /* Base */,
			);
			name = Main.storyboard;
			sourceTree = "<group>";
		};
/* End PBXVariantGroup section */

/* Begin XCBuildConfiguration section */
		C5F4EB5624378A7800DE4A68 /* Debug */ = {
			isa = XCBuildConfiguration;
			buildSettings = {
				ALWAYS_SEARCH_USER_PATHS = NO;
				CLANG_ANALYZER_NONNULL = YES;
				CLANG_ANALYZER_NUMBER_OBJECT_CONVERSION = YES_AGGRESSIVE;
				CLANG_CXX_LANGUAGE_STANDARD = "gnu++14";
				CLANG_CXX_LIBRARY = "libc++";
				CLANG_ENABLE_MODULES = YES;
				CLANG_ENABLE_OBJC_ARC = YES;
				CLANG_ENABLE_OBJC_WEAK = YES;
				CLANG_WARN_BLOCK_CAPTURE_AUTORELEASING = YES;
				CLANG_WARN_BOOL_CONVERSION = YES;
				CLANG_WARN_COMMA = YES;
				CLANG_WARN_CONSTANT_CONVERSION = YES;
				CLANG_WARN_DEPRECATED_OBJC_IMPLEMENTATIONS = YES;
				CLANG_WARN_DIRECT_OBJC_ISA_USAGE = YES_ERROR;
				CLANG_WARN_DOCUMENTATION_COMMENTS = YES;
				CLANG_WARN_EMPTY_BODY = YES;
				CLANG_WARN_ENUM_CONVERSION = YES;
				CLANG_WARN_INFINITE_RECURSION = YES;
				CLANG_WARN_INT_CONVERSION = YES;
				CLANG_WARN_NON_LITERAL_NULL_CONVERSION = YES;
				CLANG_WARN_OBJC_IMPLICIT_RETAIN_SELF = YES;
				CLANG_WARN_OBJC_LITERAL_CONVERSION = YES;
				CLANG_WARN_OBJC_ROOT_CLASS = YES_ERROR;
				CLANG_WARN_RANGE_LOOP_ANALYSIS = YES;
				CLANG_WARN_STRICT_PROTOTYPES = YES;
				CLANG_WARN_SUSPICIOUS_MOVE = YES;
				CLANG_WARN_UNGUARDED_AVAILABILITY = YES_AGGRESSIVE;
				CLANG_WARN_UNREACHABLE_CODE = YES;
				CLANG_WARN__DUPLICATE_METHOD_MATCH = YES;
				COPY_PHASE_STRIP = NO;
				DEBUG_INFORMATION_FORMAT = dwarf;
				ENABLE_STRICT_OBJC_MSGSEND = YES;
				ENABLE_TESTABILITY = YES;
				GCC_C_LANGUAGE_STANDARD = gnu11;
				GCC_DYNAMIC_NO_PIC = NO;
				GCC_NO_COMMON_BLOCKS = YES;
				GCC_OPTIMIZATION_LEVEL = 0;
				GCC_PREPROCESSOR_DEFINITIONS = (
					"DEBUG=1",
					"$(inherited)",
				);
				GCC_WARN_64_TO_32_BIT_CONVERSION = YES;
				GCC_WARN_ABOUT_RETURN_TYPE = YES_ERROR;
				GCC_WARN_UNDECLARED_SELECTOR = YES;
				GCC_WARN_UNINITIALIZED_AUTOS = YES_AGGRESSIVE;
				GCC_WARN_UNUSED_FUNCTION = YES;
				GCC_WARN_UNUSED_VARIABLE = YES;
				IPHONEOS_DEPLOYMENT_TARGET = 13.4;
				MTL_ENABLE_DEBUG_INFO = INCLUDE_SOURCE;
				MTL_FAST_MATH = YES;
				ONLY_ACTIVE_ARCH = YES;
				SDKROOT = iphoneos;
				SWIFT_ACTIVE_COMPILATION_CONDITIONS = DEBUG;
				SWIFT_OPTIMIZATION_LEVEL = "-Onone";
			};
			name = Debug;
		};
		C5F4EB5724378A7800DE4A68 /* Release */ = {
			isa = XCBuildConfiguration;
			buildSettings = {
				ALWAYS_SEARCH_USER_PATHS = NO;
				CLANG_ANALYZER_NONNULL = YES;
				CLANG_ANALYZER_NUMBER_OBJECT_CONVERSION = YES_AGGRESSIVE;
				CLANG_CXX_LANGUAGE_STANDARD = "gnu++14";
				CLANG_CXX_LIBRARY = "libc++";
				CLANG_ENABLE_MODULES = YES;
				CLANG_ENABLE_OBJC_ARC = YES;
				CLANG_ENABLE_OBJC_WEAK = YES;
				CLANG_WARN_BLOCK_CAPTURE_AUTORELEASING = YES;
				CLANG_WARN_BOOL_CONVERSION = YES;
				CLANG_WARN_COMMA = YES;
				CLANG_WARN_CONSTANT_CONVERSION = YES;
				CLANG_WARN_DEPRECATED_OBJC_IMPLEMENTATIONS = YES;
				CLANG_WARN_DIRECT_OBJC_ISA_USAGE = YES_ERROR;
				CLANG_WARN_DOCUMENTATION_COMMENTS = YES;
				CLANG_WARN_EMPTY_BODY = YES;
				CLANG_WARN_ENUM_CONVERSION = YES;
				CLANG_WARN_INFINITE_RECURSION = YES;
				CLANG_WARN_INT_CONVERSION = YES;
				CLANG_WARN_NON_LITERAL_NULL_CONVERSION = YES;
				CLANG_WARN_OBJC_IMPLICIT_RETAIN_SELF = YES;
				CLANG_WARN_OBJC_LITERAL_CONVERSION = YES;
				CLANG_WARN_OBJC_ROOT_CLASS = YES_ERROR;
				CLANG_WARN_RANGE_LOOP_ANALYSIS = YES;
				CLANG_WARN_STRICT_PROTOTYPES = YES;
				CLANG_WARN_SUSPICIOUS_MOVE = YES;
				CLANG_WARN_UNGUARDED_AVAILABILITY = YES_AGGRESSIVE;
				CLANG_WARN_UNREACHABLE_CODE = YES;
				CLANG_WARN__DUPLICATE_METHOD_MATCH = YES;
				COPY_PHASE_STRIP = NO;
				DEBUG_INFORMATION_FORMAT = "dwarf-with-dsym";
				ENABLE_NS_ASSERTIONS = NO;
				ENABLE_STRICT_OBJC_MSGSEND = YES;
				GCC_C_LANGUAGE_STANDARD = gnu11;
				GCC_NO_COMMON_BLOCKS = YES;
				GCC_WARN_64_TO_32_BIT_CONVERSION = YES;
				GCC_WARN_ABOUT_RETURN_TYPE = YES_ERROR;
				GCC_WARN_UNDECLARED_SELECTOR = YES;
				GCC_WARN_UNINITIALIZED_AUTOS = YES_AGGRESSIVE;
				GCC_WARN_UNUSED_FUNCTION = YES;
				GCC_WARN_UNUSED_VARIABLE = YES;
				IPHONEOS_DEPLOYMENT_TARGET = 13.4;
				MTL_ENABLE_DEBUG_INFO = NO;
				MTL_FAST_MATH = YES;
				SDKROOT = iphoneos;
				SWIFT_COMPILATION_MODE = wholemodule;
				SWIFT_OPTIMIZATION_LEVEL = "-O";
				VALIDATE_PRODUCT = YES;
			};
			name = Release;
		};
		C5F4EB5924378A7800DE4A68 /* Debug */ = {
			isa = XCBuildConfiguration;
			buildSettings = {
				ASSETCATALOG_COMPILER_APPICON_NAME = AppIcon;
				CODE_SIGN_ENTITLEMENTS = "contacts-cloudkit/contacts-cloudkit.entitlements";
				CODE_SIGN_STYLE = Automatic;
				DEVELOPMENT_TEAM = 7V2Q4X6DAJ;
				INFOPLIST_FILE = "contacts-cloudkit/New Group/Info.plist";
				LD_RUNPATH_SEARCH_PATHS = (
					"$(inherited)",
					"@executable_path/Frameworks",
				);
				PRODUCT_BUNDLE_IDENTIFIER = "com.jordanfurr.contacts-cloudkit";
				PRODUCT_NAME = "$(TARGET_NAME)";
				SWIFT_VERSION = 5.0;
				TARGETED_DEVICE_FAMILY = "1,2";
			};
			name = Debug;
		};
		C5F4EB5A24378A7800DE4A68 /* Release */ = {
			isa = XCBuildConfiguration;
			buildSettings = {
				ASSETCATALOG_COMPILER_APPICON_NAME = AppIcon;
				CODE_SIGN_ENTITLEMENTS = "contacts-cloudkit/contacts-cloudkit.entitlements";
				CODE_SIGN_STYLE = Automatic;
				DEVELOPMENT_TEAM = 7V2Q4X6DAJ;
				INFOPLIST_FILE = "contacts-cloudkit/New Group/Info.plist";
				LD_RUNPATH_SEARCH_PATHS = (
					"$(inherited)",
					"@executable_path/Frameworks",
				);
				PRODUCT_BUNDLE_IDENTIFIER = "com.jordanfurr.contacts-cloudkit";
				PRODUCT_NAME = "$(TARGET_NAME)";
				SWIFT_VERSION = 5.0;
				TARGETED_DEVICE_FAMILY = "1,2";
			};
			name = Release;
		};
/* End XCBuildConfiguration section */

/* Begin XCConfigurationList section */
		C5F4EB3F24378A7500DE4A68 /* Build configuration list for PBXProject "contacts-cloudkit" */ = {
			isa = XCConfigurationList;
			buildConfigurations = (
				C5F4EB5624378A7800DE4A68 /* Debug */,
				C5F4EB5724378A7800DE4A68 /* Release */,
			);
			defaultConfigurationIsVisible = 0;
			defaultConfigurationName = Release;
		};
		C5F4EB5824378A7800DE4A68 /* Build configuration list for PBXNativeTarget "contacts-cloudkit" */ = {
			isa = XCConfigurationList;
			buildConfigurations = (
				C5F4EB5924378A7800DE4A68 /* Debug */,
				C5F4EB5A24378A7800DE4A68 /* Release */,
			);
			defaultConfigurationIsVisible = 0;
			defaultConfigurationName = Release;
		};
/* End XCConfigurationList section */
	};
	rootObject = C5F4EB3C24378A7500DE4A68 /* Project object */;
}
